
Microsoft Visual Studio Solution File, Format Version 12.00
# Visual Studio Version 17
VisualStudioVersion = 17.0.31512.422
MinimumVisualStudioVersion = 10.0.40219.1
Project("{9A19103F-16F7-4668-BE54-9A1E7A4F7556}") = "Demo.WebApi.Patch.API", "Demo.WebApi.Patch\Demo.WebApi.Patch.API.csproj", "{886DF9BF-8485-4395-AF8A-02BBB335AD16}"
EndProject
Project("{9A19103F-16F7-4668-BE54-9A1E7A4F7556}") = "Demo.WebApi.Patch.ConsoleApp", "Demo.WebApi.Patch.ConsoleApp\Demo.WebApi.Patch.ConsoleApp.csproj", "{8A45B76F-ED67-4C6D-AB46-AA2AC5A016CA}"
EndProject
Project("{2150E333-8FDC-42A3-9474-1A3956D46DE8}") = "Solution Items", "Solution Items", "{F90700EF-1795-4B71-9F1F-99EB65AD05AD}"
	ProjectSection(SolutionItems) = preProject
		.editorconfig = .editorconfig
		Demo.WebApi.Patch.postman_collection.json = Demo.WebApi.Patch.postman_collection.json
		README.md = README.md
	EndProjectSection
EndProject
Project("{9A19103F-16F7-4668-BE54-9A1E7A4F7556}") = "Demo.WebApi.Patch.Test", "Demo.WebApi.Patch.Test\Demo.WebApi.Patch.Test.csproj", "{17178F2B-2560-4E5E-A42E-5B8C53BDB999}"
EndProject
Global
	GlobalSection(SolutionConfigurationPlatforms) = preSolution
		Debug|Any CPU = Debug|Any CPU
		Release|Any CPU = Release|Any CPU
	EndGlobalSection
	GlobalSection(ProjectConfigurationPlatforms) = postSolution
		{886DF9BF-8485-4395-AF8A-02BBB335AD16}.Debug|Any CPU.ActiveCfg = Debug|Any CPU
		{886DF9BF-8485-4395-AF8A-02BBB335AD16}.Debug|Any CPU.Build.0 = Debug|Any CPU
		{886DF9BF-8485-4395-AF8A-02BBB335AD16}.Release|Any CPU.ActiveCfg = Release|Any CPU
		{886DF9BF-8485-4395-AF8A-02BBB335AD16}.Release|Any CPU.Build.0 = Release|Any CPU
		{8A45B76F-ED67-4C6D-AB46-AA2AC5A016CA}.Debug|Any CPU.ActiveCfg = Debug|Any CPU
		{8A45B76F-ED67-4C6D-AB46-AA2AC5A016CA}.Debug|Any CPU.Build.0 = Debug|Any CPU
		{8A45B76F-ED67-4C6D-AB46-AA2AC5A016CA}.Release|Any CPU.ActiveCfg = Release|Any CPU
		{8A45B76F-ED67-4C6D-AB46-AA2AC5A016CA}.Release|Any CPU.Build.0 = Release|Any CPU
		{17178F2B-2560-4E5E-A42E-5B8C53BDB999}.Debug|Any CPU.ActiveCfg = Debug|Any CPU
		{17178F2B-2560-4E5E-A42E-5B8C53BDB999}.Debug|Any CPU.Build.0 = Debug|Any CPU
		{17178F2B-2560-4E5E-A42E-5B8C53BDB999}.Release|Any CPU.ActiveCfg = Release|Any CPU
		{17178F2B-2560-4E5E-A42E-5B8C53BDB999}.Release|Any CPU.Build.0 = Release|Any CPU
	EndGlobalSection
	GlobalSection(SolutionProperties) = preSolution
		HideSolutionNode = FALSE
	EndGlobalSection
	GlobalSection(ExtensibilityGlobals) = postSolution
		SolutionGuid = {88BD968E-B419-4BAE-A9E5-4226B00FC403}
	EndGlobalSection
EndGlobal
